{
  "version": 4,
  "terraform_version": "1.9.6",
  "serial": 33,
  "lineage": "204064c2-0a8c-ff08-a57b-7d469174679e",
  "outputs": {
    "database_url": {
      "value": "postgresql://main-role:wHUNRqj2M8Le@ep-dry-firefly-a2bkpgbo.eu-central-1.aws.neon.tech/main-db",
      "type": "string",
      "sensitive": true
    },
    "redis_url": {
      "value": "rediss://default:a4dba6ebc106458dbf6845929c916593@eu2-divine-robin-30185.upstash.io:30185",
      "type": "string",
      "sensitive": true
    }
  },
  "resources": [
    {
      "mode": "managed",
      "type": "cloudflare_record",
      "name": "acme-challenge-record",
      "provider": "provider[\"registry.terraform.io/cloudflare/cloudflare\"]",
      "instances": [
        {
          "schema_version": 3,
          "attributes": {
            "allow_overwrite": false,
            "comment": "",
            "content": "remix-starter.v-thomas.com.xn2y1l.flydns.net",
            "created_on": "2024-09-25T20:19:10.226602Z",
            "data": [],
            "hostname": "_acme-challenge.remix-starter.v-thomas.com",
            "id": "ebb51078da03f6f971a5943429d6de47",
            "metadata": {
              "auto_added": "false",
              "managed_by_apps": "false",
              "managed_by_argo_tunnel": "false"
            },
            "modified_on": "2024-09-25T20:19:10.226602Z",
            "name": "_acme-challenge.remix-starter",
            "priority": null,
            "proxiable": true,
            "proxied": false,
            "tags": [],
            "timeouts": null,
            "ttl": 1,
            "type": "CNAME",
            "value": null,
            "zone_id": "61b67b7eb996caa6c4db999cea5ab4df"
          },
          "sensitive_attributes": [],
          "private": "eyJlMmJmYjczMC1lY2FhLTExZTYtOGY4OC0zNDM2M2JjN2M0YzAiOnsiY3JlYXRlIjozMDAwMDAwMDAwMCwidXBkYXRlIjozMDAwMDAwMDAwMH0sInNjaGVtYV92ZXJzaW9uIjoiMyJ9"
        }
      ]
    },
    {
      "mode": "managed",
      "type": "cloudflare_record",
      "name": "fly-io-a-record",
      "provider": "provider[\"registry.terraform.io/cloudflare/cloudflare\"]",
      "instances": [
        {
          "schema_version": 3,
          "attributes": {
            "allow_overwrite": false,
            "comment": "",
            "content": "66.241.124.51",
            "created_on": "2024-09-25T20:15:31.470556Z",
            "data": [],
            "hostname": "remix-starter.v-thomas.com",
            "id": "c0d6fd760eb70250c70175a2418f51a7",
            "metadata": {
              "auto_added": "false",
              "managed_by_apps": "false",
              "managed_by_argo_tunnel": "false"
            },
            "modified_on": "2024-09-25T20:15:31.470556Z",
            "name": "remix-starter",
            "priority": null,
            "proxiable": true,
            "proxied": true,
            "tags": [],
            "timeouts": null,
            "ttl": 1,
            "type": "A",
            "value": null,
            "zone_id": "61b67b7eb996caa6c4db999cea5ab4df"
          },
          "sensitive_attributes": [],
          "private": "eyJlMmJmYjczMC1lY2FhLTExZTYtOGY4OC0zNDM2M2JjN2M0YzAiOnsiY3JlYXRlIjozMDAwMDAwMDAwMCwidXBkYXRlIjozMDAwMDAwMDAwMH0sInNjaGVtYV92ZXJzaW9uIjoiMyJ9"
        }
      ]
    },
    {
      "mode": "managed",
      "type": "cloudflare_record",
      "name": "fly-io-aaaa-record",
      "provider": "provider[\"registry.terraform.io/cloudflare/cloudflare\"]",
      "instances": [
        {
          "schema_version": 3,
          "attributes": {
            "allow_overwrite": false,
            "comment": "",
            "content": "2a09:8280:1::47:e042:0",
            "created_on": "2024-09-25T20:15:31.350472Z",
            "data": [],
            "hostname": "remix-starter.v-thomas.com",
            "id": "a8d9783af02c61b69075d1d9681d0420",
            "metadata": {
              "auto_added": "false",
              "managed_by_apps": "false",
              "managed_by_argo_tunnel": "false"
            },
            "modified_on": "2024-09-25T20:15:31.350472Z",
            "name": "remix-starter",
            "priority": null,
            "proxiable": true,
            "proxied": true,
            "tags": [],
            "timeouts": null,
            "ttl": 1,
            "type": "AAAA",
            "value": null,
            "zone_id": "61b67b7eb996caa6c4db999cea5ab4df"
          },
          "sensitive_attributes": [],
          "private": "eyJlMmJmYjczMC1lY2FhLTExZTYtOGY4OC0zNDM2M2JjN2M0YzAiOnsiY3JlYXRlIjozMDAwMDAwMDAwMCwidXBkYXRlIjozMDAwMDAwMDAwMH0sInNjaGVtYV92ZXJzaW9uIjoiMyJ9",
          "dependencies": [
            "fly_app.starter_app",
            "fly_ip.starter_app_ip6"
          ]
        }
      ]
    },
    {
      "mode": "managed",
      "type": "fly_app",
      "name": "starter_app",
      "provider": "provider[\"registry.terraform.io/fly-apps/fly\"]",
      "instances": [
        {
          "schema_version": 0,
          "attributes": {
            "appurl": "https://2a09:8280:1::47:e042:0",
            "id": "remix-starter",
            "name": "remix-starter",
            "org": "personal",
            "orgid": "L5q73MAjNyqbYHmxmNBa290BaYuw87"
          },
          "sensitive_attributes": []
        }
      ]
    },
    {
      "mode": "managed",
      "type": "fly_cert",
      "name": "starter_app_cert",
      "provider": "provider[\"registry.terraform.io/fly-apps/fly\"]",
      "instances": [
        {
          "schema_version": 0,
          "attributes": {
            "app": "remix-starter",
            "check": true,
            "dnsvalidationhostname": "_acme-challenge.remix-starter.v-thomas.com",
            "dnsvalidationinstructions": "CNAME _acme-challenge.remix-starter.v-thomas.com =\u003e remix-starter.v-thomas.com.xn2y1l.flydns.net.",
            "dnsvalidationtarget": "remix-starter.v-thomas.com.xn2y1l.flydns.net",
            "hostname": "remix-starter.v-thomas.com",
            "id": "cert_2mk9qw"
          },
          "sensitive_attributes": []
        }
      ]
    },
    {
      "mode": "managed",
      "type": "fly_ip",
      "name": "starter_app_ip6",
      "provider": "provider[\"registry.terraform.io/fly-apps/fly\"]",
      "instances": [
        {
          "schema_version": 0,
          "attributes": {
            "address": "2a09:8280:1::47:e042:0",
            "app": "remix-starter",
            "id": "ip_degn1rrxojw135om",
            "region": "global",
            "type": "v6"
          },
          "sensitive_attributes": [],
          "dependencies": [
            "fly_app.starter_app"
          ]
        }
      ]
    },
    {
      "mode": "managed",
      "type": "neon_database",
      "name": "main-db",
      "provider": "provider[\"registry.terraform.io/terraform-community-providers/neon\"]",
      "instances": [
        {
          "schema_version": 0,
          "attributes": {
            "branch_id": "br-cool-paper-a2tvmjjh",
            "id": 103675580,
            "name": "main-db",
            "owner_name": "main-role",
            "project_id": "old-breeze-34961772"
          },
          "sensitive_attributes": [],
          "dependencies": [
            "neon_project.remix_starter_project",
            "neon_role.vt_role"
          ]
        }
      ]
    },
    {
      "mode": "managed",
      "type": "neon_project",
      "name": "remix_starter_project",
      "provider": "provider[\"registry.terraform.io/terraform-community-providers/neon\"]",
      "instances": [
        {
          "schema_version": 0,
          "attributes": {
            "branch": {
              "endpoint": {
                "compute_provisioner": "k8s-neonvm",
                "host": "ep-dry-firefly-a2bkpgbo.eu-central-1.aws.neon.tech",
                "id": "ep-dry-firefly-a2bkpgbo",
                "max_cu": 0.25,
                "min_cu": 0.25,
                "suspend_timeout": 0
              },
              "id": "br-cool-paper-a2tvmjjh",
              "name": "main"
            },
            "id": "old-breeze-34961772",
            "name": "remix-starter",
            "org_id": null,
            "pg_version": 16,
            "platform_id": "aws",
            "region_id": "aws-eu-central-1"
          },
          "sensitive_attributes": []
        }
      ]
    },
    {
      "mode": "managed",
      "type": "neon_role",
      "name": "vt_role",
      "provider": "provider[\"registry.terraform.io/terraform-community-providers/neon\"]",
      "instances": [
        {
          "schema_version": 0,
          "attributes": {
            "branch_id": "br-cool-paper-a2tvmjjh",
            "id": "main-role",
            "name": "main-role",
            "password": "wHUNRqj2M8Le",
            "project_id": "old-breeze-34961772"
          },
          "sensitive_attributes": [
            [
              {
                "type": "get_attr",
                "value": "password"
              }
            ]
          ],
          "dependencies": [
            "neon_project.remix_starter_project"
          ]
        }
      ]
    },
    {
      "mode": "managed",
      "type": "upstash_redis_database",
      "name": "redisdb",
      "provider": "provider[\"registry.terraform.io/upstash/upstash\"]",
      "instances": [
        {
          "schema_version": 0,
          "attributes": {
            "auto_scale": false,
            "consistent": false,
            "creation_time": 1727298570,
            "database_id": "cc0ef624-78b4-452a-84f7-b01431f41c52",
            "database_name": "remix_starter",
            "database_type": "free",
            "db_daily_bandwidth_limit": 0,
            "db_disk_threshold": 268435456,
            "db_max_clients": 100,
            "db_max_commands_per_second": 1000,
            "db_max_entry_size": 104857600,
            "db_max_request_size": 1048576,
            "db_memory_threshold": 67108864,
            "endpoint": "eu2-divine-robin-30185.upstash.io",
            "eviction": true,
            "id": "upstash-database-cc0ef624-78b4-452a-84f7-b01431f41c52",
            "multizone": false,
            "password": "a4dba6ebc106458dbf6845929c916593",
            "port": 30185,
            "primary_region": "",
            "read_only_rest_token": "AnXpASQgY2MwZWY2MjQtNzhiNC00NTJhLTg0ZjctYjAxNDMxZjQxYzUyxmT-9vnj8yPShoEJDKAbvYIOm1cEASWM7bsMgUkIRMw=",
            "read_regions": [],
            "region": "eu-central-1",
            "rest_token": "AXXpASQgY2MwZWY2MjQtNzhiNC00NTJhLTg0ZjctYjAxNDMxZjQxYzUyYTRkYmE2ZWJjMTA2NDU4ZGJmNjg0NTkyOWM5MTY1OTM=",
            "state": "active",
            "tls": true,
            "user_email": "github@vtmail.anonaddy.com"
          },
          "sensitive_attributes": [
            [
              {
                "type": "get_attr",
                "value": "password"
              }
            ],
            [
              {
                "type": "get_attr",
                "value": "rest_token"
              }
            ],
            [
              {
                "type": "get_attr",
                "value": "read_only_rest_token"
              }
            ]
          ],
          "private": "bnVsbA=="
        }
      ]
    }
  ],
  "check_results": null
}
